
Microsoft Visual Studio Solution File, Format Version 12.00
# Visual Studio Version 17
VisualStudioVersion = 17.3.32819.101
MinimumVisualStudioVersion = 10.0.40219.1
Project("{FAE04EC0-301F-11D3-BF4B-00C04F79EFBC}") = "BlogAPI", "BlogAPI\BlogAPI.csproj", "{DD565508-DA08-4499-BCD7-95B263608DBD}"
EndProject
Global
	GlobalSection(SolutionConfigurationPlatforms) = preSolution
		Debug|Any CPU = Debug|Any CPU
		Release|Any CPU = Release|Any CPU
	EndGlobalSection
	GlobalSection(ProjectConfigurationPlatforms) = postSolution
		{DD565508-DA08-4499-BCD7-95B263608DBD}.Debug|Any CPU.ActiveCfg = Debug|Any CPU
		{DD565508-DA08-4499-BCD7-95B263608DBD}.Debug|Any CPU.Build.0 = Debug|Any CPU
		{DD565508-DA08-4499-BCD7-95B263608DBD}.Release|Any CPU.ActiveCfg = Release|Any CPU
		{DD565508-DA08-4499-BCD7-95B263608DBD}.Release|Any CPU.Build.0 = Release|Any CPU
	EndGlobalSection
	GlobalSection(SolutionProperties) = preSolution
		HideSolutionNode = FALSE
	EndGlobalSection
	GlobalSection(ExtensibilityGlobals) = postSolution
		SolutionGuid = {0F87FEEC-111E-43B1-8B87-AF6E0130EFD2}
	EndGlobalSection
EndGlobal
