
Microsoft Visual Studio Solution File, Format Version 12.00
# Visual Studio Version 17
VisualStudioVersion = 17.3.32819.101
MinimumVisualStudioVersion = 10.0.40219.1
Project("{FAE04EC0-301F-11D3-BF4B-00C04F79EFBC}") = "BlogLab-API", "BlogLab-API\BlogLab-API.csproj", "{A0E3C671-E371-4791-833E-05D8425B18F9}"
EndProject
Project("{FAE04EC0-301F-11D3-BF4B-00C04F79EFBC}") = "BlogLab.Models", "BlogLab.Models\BlogLab.Models.csproj", "{79A3F292-26E4-4B68-A850-6E699EEBC3AB}"
EndProject
Project("{FAE04EC0-301F-11D3-BF4B-00C04F79EFBC}") = "BlogLab.Repository", "BlogLab.Repository\BlogLab.Repository.csproj", "{B7658663-1C28-4EEC-825B-18184235ABE8}"
EndProject
Project("{FAE04EC0-301F-11D3-BF4B-00C04F79EFBC}") = "BlogLab.Identity", "BlogLab.Identity\BlogLab.Identity.csproj", "{C7E64D96-3422-42F4-89F9-32BFBE3B5608}"
EndProject
Global
	GlobalSection(SolutionConfigurationPlatforms) = preSolution
		Debug|Any CPU = Debug|Any CPU
		Release|Any CPU = Release|Any CPU
	EndGlobalSection
	GlobalSection(ProjectConfigurationPlatforms) = postSolution
		{A0E3C671-E371-4791-833E-05D8425B18F9}.Debug|Any CPU.ActiveCfg = Debug|Any CPU
		{A0E3C671-E371-4791-833E-05D8425B18F9}.Debug|Any CPU.Build.0 = Debug|Any CPU
		{A0E3C671-E371-4791-833E-05D8425B18F9}.Release|Any CPU.ActiveCfg = Release|Any CPU
		{A0E3C671-E371-4791-833E-05D8425B18F9}.Release|Any CPU.Build.0 = Release|Any CPU
		{79A3F292-26E4-4B68-A850-6E699EEBC3AB}.Debug|Any CPU.ActiveCfg = Debug|Any CPU
		{79A3F292-26E4-4B68-A850-6E699EEBC3AB}.Debug|Any CPU.Build.0 = Debug|Any CPU
		{79A3F292-26E4-4B68-A850-6E699EEBC3AB}.Release|Any CPU.ActiveCfg = Release|Any CPU
		{79A3F292-26E4-4B68-A850-6E699EEBC3AB}.Release|Any CPU.Build.0 = Release|Any CPU
		{B7658663-1C28-4EEC-825B-18184235ABE8}.Debug|Any CPU.ActiveCfg = Debug|Any CPU
		{B7658663-1C28-4EEC-825B-18184235ABE8}.Debug|Any CPU.Build.0 = Debug|Any CPU
		{B7658663-1C28-4EEC-825B-18184235ABE8}.Release|Any CPU.ActiveCfg = Release|Any CPU
		{B7658663-1C28-4EEC-825B-18184235ABE8}.Release|Any CPU.Build.0 = Release|Any CPU
		{C7E64D96-3422-42F4-89F9-32BFBE3B5608}.Debug|Any CPU.ActiveCfg = Debug|Any CPU
		{C7E64D96-3422-42F4-89F9-32BFBE3B5608}.Debug|Any CPU.Build.0 = Debug|Any CPU
		{C7E64D96-3422-42F4-89F9-32BFBE3B5608}.Release|Any CPU.ActiveCfg = Release|Any CPU
		{C7E64D96-3422-42F4-89F9-32BFBE3B5608}.Release|Any CPU.Build.0 = Release|Any CPU
	EndGlobalSection
	GlobalSection(SolutionProperties) = preSolution
		HideSolutionNode = FALSE
	EndGlobalSection
	GlobalSection(ExtensibilityGlobals) = postSolution
		SolutionGuid = {2BEB3F8D-32B3-4486-B570-1282F32F0935}
	EndGlobalSection
EndGlobal
